
Microsoft Visual Studio Solution File, Format Version 12.00
# Visual Studio Version 16
VisualStudioVersion = 16.0.29920.165
MinimumVisualStudioVersion = 15.0.26124.0
Project("{9A19103F-16F7-4668-BE54-9A1E7A4F7556}") = "DanielCarey.Blazor.Gamepad.Sample", "src\DanielCarey.Blazor.Gamepad.Sample\DanielCarey.Blazor.Gamepad.Sample.csproj", "{53F3ADD2-9052-48AF-A6D0-02C7DBEDE1BB}"
EndProject
Project("{9A19103F-16F7-4668-BE54-9A1E7A4F7556}") = "DanielCarey.Blazor.Controls", "src\DanielCarey.Blazor.Controls\DanielCarey.Blazor.Controls.csproj", "{59414F43-F51D-4D71-85F2-2DF1D85E84D6}"
EndProject
Project("{2150E333-8FDC-42A3-9474-1A3956D46DE8}") = "Solution Items", "Solution Items", "{57EF104D-7A24-480C-B20C-41B3B69E1FA5}"
	ProjectSection(SolutionItems) = preProject
		License.md = License.md
		readme.md = readme.md
	EndProjectSection
EndProject
Global
	GlobalSection(SolutionConfigurationPlatforms) = preSolution
		Debug|Any CPU = Debug|Any CPU
		Release|Any CPU = Release|Any CPU
	EndGlobalSection
	GlobalSection(ProjectConfigurationPlatforms) = postSolution
		{53F3ADD2-9052-48AF-A6D0-02C7DBEDE1BB}.Debug|Any CPU.ActiveCfg = Debug|Any CPU
		{53F3ADD2-9052-48AF-A6D0-02C7DBEDE1BB}.Debug|Any CPU.Build.0 = Debug|Any CPU
		{53F3ADD2-9052-48AF-A6D0-02C7DBEDE1BB}.Release|Any CPU.ActiveCfg = Release|Any CPU
		{53F3ADD2-9052-48AF-A6D0-02C7DBEDE1BB}.Release|Any CPU.Build.0 = Release|Any CPU
		{59414F43-F51D-4D71-85F2-2DF1D85E84D6}.Debug|Any CPU.ActiveCfg = Debug|Any CPU
		{59414F43-F51D-4D71-85F2-2DF1D85E84D6}.Debug|Any CPU.Build.0 = Debug|Any CPU
		{59414F43-F51D-4D71-85F2-2DF1D85E84D6}.Release|Any CPU.ActiveCfg = Release|Any CPU
		{59414F43-F51D-4D71-85F2-2DF1D85E84D6}.Release|Any CPU.Build.0 = Release|Any CPU
	EndGlobalSection
	GlobalSection(SolutionProperties) = preSolution
		HideSolutionNode = FALSE
	EndGlobalSection
	GlobalSection(ExtensibilityGlobals) = postSolution
		SolutionGuid = {90FE802E-FBFB-44F3-A87B-8E685B372320}
	EndGlobalSection
EndGlobal
